
Microsoft Visual Studio Solution File, Format Version 12.00
# Visual Studio Version 16
VisualStudioVersion = 16.0.31313.79
MinimumVisualStudioVersion = 10.0.40219.1
Project("{FAE04EC0-301F-11D3-BF4B-00C04F79EFBC}") = "XamarinCalculadora.UWP", "XamarinCalculadora\XamarinCalculadora.UWP\XamarinCalculadora.UWP.csproj", "{F0329BFA-5B96-4930-9CBA-BAA63184471C}"
EndProject
Project("{FAE04EC0-301F-11D3-BF4B-00C04F79EFBC}") = "XamarinCalculadora.Android", "XamarinCalculadora\XamarinCalculadora.Android\XamarinCalculadora.Android.csproj", "{B2D0B092-1961-4AE7-9232-8B0875E8E6CE}"
EndProject
Project("{FAE04EC0-301F-11D3-BF4B-00C04F79EFBC}") = "XamarinCalculadora.iOS", "XamarinCalculadora\XamarinCalculadora.iOS\XamarinCalculadora.iOS.csproj", "{693CD445-6467-47A8-8EE0-4E5D3DCA9505}"
EndProject
Project("{FAE04EC0-301F-11D3-BF4B-00C04F79EFBC}") = "XamarinCalculadora", "XamarinCalculadora\XamarinCalculadora\XamarinCalculadora.csproj", "{9E7E684B-7CDF-4AAD-AEDC-966055E71865}"
EndProject
Global
	GlobalSection(SolutionConfigurationPlatforms) = preSolution
		Debug|Any CPU = Debug|Any CPU
		Debug|ARM = Debug|ARM
		Debug|iPhone = Debug|iPhone
		Debug|iPhoneSimulator = Debug|iPhoneSimulator
		Debug|x64 = Debug|x64
		Debug|x86 = Debug|x86
		Release|Any CPU = Release|Any CPU
		Release|ARM = Release|ARM
		Release|iPhone = Release|iPhone
		Release|iPhoneSimulator = Release|iPhoneSimulator
		Release|x64 = Release|x64
		Release|x86 = Release|x86
	EndGlobalSection
	GlobalSection(ProjectConfigurationPlatforms) = postSolution
		{F0329BFA-5B96-4930-9CBA-BAA63184471C}.Debug|Any CPU.ActiveCfg = Debug|x86
		{F0329BFA-5B96-4930-9CBA-BAA63184471C}.Debug|Any CPU.Build.0 = Debug|x86
		{F0329BFA-5B96-4930-9CBA-BAA63184471C}.Debug|Any CPU.Deploy.0 = Debug|x86
		{F0329BFA-5B96-4930-9CBA-BAA63184471C}.Debug|ARM.ActiveCfg = Debug|ARM
		{F0329BFA-5B96-4930-9CBA-BAA63184471C}.Debug|ARM.Build.0 = Debug|ARM
		{F0329BFA-5B96-4930-9CBA-BAA63184471C}.Debug|ARM.Deploy.0 = Debug|ARM
		{F0329BFA-5B96-4930-9CBA-BAA63184471C}.Debug|iPhone.ActiveCfg = Debug|x86
		{F0329BFA-5B96-4930-9CBA-BAA63184471C}.Debug|iPhone.Build.0 = Debug|x86
		{F0329BFA-5B96-4930-9CBA-BAA63184471C}.Debug|iPhone.Deploy.0 = Debug|x86
		{F0329BFA-5B96-4930-9CBA-BAA63184471C}.Debug|iPhoneSimulator.ActiveCfg = Debug|x86
		{F0329BFA-5B96-4930-9CBA-BAA63184471C}.Debug|iPhoneSimulator.Build.0 = Debug|x86
		{F0329BFA-5B96-4930-9CBA-BAA63184471C}.Debug|iPhoneSimulator.Deploy.0 = Debug|x86
		{F0329BFA-5B96-4930-9CBA-BAA63184471C}.Debug|x64.ActiveCfg = Debug|x64
		{F0329BFA-5B96-4930-9CBA-BAA63184471C}.Debug|x64.Build.0 = Debug|x64
		{F0329BFA-5B96-4930-9CBA-BAA63184471C}.Debug|x64.Deploy.0 = Debug|x64
		{F0329BFA-5B96-4930-9CBA-BAA63184471C}.Debug|x86.ActiveCfg = Debug|x86
		{F0329BFA-5B96-4930-9CBA-BAA63184471C}.Debug|x86.Build.0 = Debug|x86
		{F0329BFA-5B96-4930-9CBA-BAA63184471C}.Debug|x86.Deploy.0 = Debug|x86
		{F0329BFA-5B96-4930-9CBA-BAA63184471C}.Release|Any CPU.ActiveCfg = Release|x86
		{F0329BFA-5B96-4930-9CBA-BAA63184471C}.Release|Any CPU.Build.0 = Release|x86
		{F0329BFA-5B96-4930-9CBA-BAA63184471C}.Release|Any CPU.Deploy.0 = Release|x86
		{F0329BFA-5B96-4930-9CBA-BAA63184471C}.Release|ARM.ActiveCfg = Release|ARM
		{F0329BFA-5B96-4930-9CBA-BAA63184471C}.Release|ARM.Build.0 = Release|ARM
		{F0329BFA-5B96-4930-9CBA-BAA63184471C}.Release|ARM.Deploy.0 = Release|ARM
		{F0329BFA-5B96-4930-9CBA-BAA63184471C}.Release|iPhone.ActiveCfg = Release|x86
		{F0329BFA-5B96-4930-9CBA-BAA63184471C}.Release|iPhone.Build.0 = Release|x86
		{F0329BFA-5B96-4930-9CBA-BAA63184471C}.Release|iPhone.Deploy.0 = Release|x86
		{F0329BFA-5B96-4930-9CBA-BAA63184471C}.Release|iPhoneSimulator.ActiveCfg = Release|x86
		{F0329BFA-5B96-4930-9CBA-BAA63184471C}.Release|iPhoneSimulator.Build.0 = Release|x86
		{F0329BFA-5B96-4930-9CBA-BAA63184471C}.Release|iPhoneSimulator.Deploy.0 = Release|x86
		{F0329BFA-5B96-4930-9CBA-BAA63184471C}.Release|x64.ActiveCfg = Release|x64
		{F0329BFA-5B96-4930-9CBA-BAA63184471C}.Release|x64.Build.0 = Release|x64
		{F0329BFA-5B96-4930-9CBA-BAA63184471C}.Release|x64.Deploy.0 = Release|x64
		{F0329BFA-5B96-4930-9CBA-BAA63184471C}.Release|x86.ActiveCfg = Release|x86
		{F0329BFA-5B96-4930-9CBA-BAA63184471C}.Release|x86.Build.0 = Release|x86
		{F0329BFA-5B96-4930-9CBA-BAA63184471C}.Release|x86.Deploy.0 = Release|x86
		{B2D0B092-1961-4AE7-9232-8B0875E8E6CE}.Debug|Any CPU.ActiveCfg = Debug|Any CPU
		{B2D0B092-1961-4AE7-9232-8B0875E8E6CE}.Debug|Any CPU.Build.0 = Debug|Any CPU
		{B2D0B092-1961-4AE7-9232-8B0875E8E6CE}.Debug|Any CPU.Deploy.0 = Debug|Any CPU
		{B2D0B092-1961-4AE7-9232-8B0875E8E6CE}.Debug|ARM.ActiveCfg = Debug|Any CPU
		{B2D0B092-1961-4AE7-9232-8B0875E8E6CE}.Debug|ARM.Build.0 = Debug|Any CPU
		{B2D0B092-1961-4AE7-9232-8B0875E8E6CE}.Debug|ARM.Deploy.0 = Debug|Any CPU
		{B2D0B092-1961-4AE7-9232-8B0875E8E6CE}.Debug|iPhone.ActiveCfg = Debug|Any CPU
		{B2D0B092-1961-4AE7-9232-8B0875E8E6CE}.Debug|iPhone.Build.0 = Debug|Any CPU
		{B2D0B092-1961-4AE7-9232-8B0875E8E6CE}.Debug|iPhone.Deploy.0 = Debug|Any CPU
		{B2D0B092-1961-4AE7-9232-8B0875E8E6CE}.Debug|iPhoneSimulator.ActiveCfg = Debug|Any CPU
		{B2D0B092-1961-4AE7-9232-8B0875E8E6CE}.Debug|iPhoneSimulator.Build.0 = Debug|Any CPU
		{B2D0B092-1961-4AE7-9232-8B0875E8E6CE}.Debug|iPhoneSimulator.Deploy.0 = Debug|Any CPU
		{B2D0B092-1961-4AE7-9232-8B0875E8E6CE}.Debug|x64.ActiveCfg = Debug|Any CPU
		{B2D0B092-1961-4AE7-9232-8B0875E8E6CE}.Debug|x64.Build.0 = Debug|Any CPU
		{B2D0B092-1961-4AE7-9232-8B0875E8E6CE}.Debug|x64.Deploy.0 = Debug|Any CPU
		{B2D0B092-1961-4AE7-9232-8B0875E8E6CE}.Debug|x86.ActiveCfg = Debug|Any CPU
		{B2D0B092-1961-4AE7-9232-8B0875E8E6CE}.Debug|x86.Build.0 = Debug|Any CPU
		{B2D0B092-1961-4AE7-9232-8B0875E8E6CE}.Debug|x86.Deploy.0 = Debug|Any CPU
		{B2D0B092-1961-4AE7-9232-8B0875E8E6CE}.Release|Any CPU.ActiveCfg = Release|Any CPU
		{B2D0B092-1961-4AE7-9232-8B0875E8E6CE}.Release|Any CPU.Build.0 = Release|Any CPU
		{B2D0B092-1961-4AE7-9232-8B0875E8E6CE}.Release|Any CPU.Deploy.0 = Release|Any CPU
		{B2D0B092-1961-4AE7-9232-8B0875E8E6CE}.Release|ARM.ActiveCfg = Release|Any CPU
		{B2D0B092-1961-4AE7-9232-8B0875E8E6CE}.Release|ARM.Build.0 = Release|Any CPU
		{B2D0B092-1961-4AE7-9232-8B0875E8E6CE}.Release|ARM.Deploy.0 = Release|Any CPU
		{B2D0B092-1961-4AE7-9232-8B0875E8E6CE}.Release|iPhone.ActiveCfg = Release|Any CPU
		{B2D0B092-1961-4AE7-9232-8B0875E8E6CE}.Release|iPhone.Build.0 = Release|Any CPU
		{B2D0B092-1961-4AE7-9232-8B0875E8E6CE}.Release|iPhone.Deploy.0 = Release|Any CPU
		{B2D0B092-1961-4AE7-9232-8B0875E8E6CE}.Release|iPhoneSimulator.ActiveCfg = Release|Any CPU
		{B2D0B092-1961-4AE7-9232-8B0875E8E6CE}.Release|iPhoneSimulator.Build.0 = Release|Any CPU
		{B2D0B092-1961-4AE7-9232-8B0875E8E6CE}.Release|iPhoneSimulator.Deploy.0 = Release|Any CPU
		{B2D0B092-1961-4AE7-9232-8B0875E8E6CE}.Release|x64.ActiveCfg = Release|Any CPU
		{B2D0B092-1961-4AE7-9232-8B0875E8E6CE}.Release|x64.Build.0 = Release|Any CPU
		{B2D0B092-1961-4AE7-9232-8B0875E8E6CE}.Release|x64.Deploy.0 = Release|Any CPU
		{B2D0B092-1961-4AE7-9232-8B0875E8E6CE}.Release|x86.ActiveCfg = Release|Any CPU
		{B2D0B092-1961-4AE7-9232-8B0875E8E6CE}.Release|x86.Build.0 = Release|Any CPU
		{B2D0B092-1961-4AE7-9232-8B0875E8E6CE}.Release|x86.Deploy.0 = Release|Any CPU
		{693CD445-6467-47A8-8EE0-4E5D3DCA9505}.Debug|Any CPU.ActiveCfg = Debug|iPhoneSimulator
		{693CD445-6467-47A8-8EE0-4E5D3DCA9505}.Debug|Any CPU.Build.0 = Debug|iPhoneSimulator
		{693CD445-6467-47A8-8EE0-4E5D3DCA9505}.Debug|Any CPU.Deploy.0 = Debug|iPhoneSimulator
		{693CD445-6467-47A8-8EE0-4E5D3DCA9505}.Debug|ARM.ActiveCfg = Debug|iPhone
		{693CD445-6467-47A8-8EE0-4E5D3DCA9505}.Debug|ARM.Build.0 = Debug|iPhone
		{693CD445-6467-47A8-8EE0-4E5D3DCA9505}.Debug|ARM.Deploy.0 = Debug|iPhone
		{693CD445-6467-47A8-8EE0-4E5D3DCA9505}.Debug|iPhone.ActiveCfg = Debug|iPhone
		{693CD445-6467-47A8-8EE0-4E5D3DCA9505}.Debug|iPhone.Build.0 = Debug|iPhone
		{693CD445-6467-47A8-8EE0-4E5D3DCA9505}.Debug|iPhone.Deploy.0 = Debug|iPhone
		{693CD445-6467-47A8-8EE0-4E5D3DCA9505}.Debug|iPhoneSimulator.ActiveCfg = Debug|iPhoneSimulator
		{693CD445-6467-47A8-8EE0-4E5D3DCA9505}.Debug|iPhoneSimulator.Build.0 = Debug|iPhoneSimulator
		{693CD445-6467-47A8-8EE0-4E5D3DCA9505}.Debug|iPhoneSimulator.Deploy.0 = Debug|iPhoneSimulator
		{693CD445-6467-47A8-8EE0-4E5D3DCA9505}.Debug|x64.ActiveCfg = Debug|iPhoneSimulator
		{693CD445-6467-47A8-8EE0-4E5D3DCA9505}.Debug|x64.Build.0 = Debug|iPhoneSimulator
		{693CD445-6467-47A8-8EE0-4E5D3DCA9505}.Debug|x64.Deploy.0 = Debug|iPhoneSimulator
		{693CD445-6467-47A8-8EE0-4E5D3DCA9505}.Debug|x86.ActiveCfg = Debug|iPhoneSimulator
		{693CD445-6467-47A8-8EE0-4E5D3DCA9505}.Debug|x86.Build.0 = Debug|iPhoneSimulator
		{693CD445-6467-47A8-8EE0-4E5D3DCA9505}.Debug|x86.Deploy.0 = Debug|iPhoneSimulator
		{693CD445-6467-47A8-8EE0-4E5D3DCA9505}.Release|Any CPU.ActiveCfg = Release|iPhoneSimulator
		{693CD445-6467-47A8-8EE0-4E5D3DCA9505}.Release|Any CPU.Build.0 = Release|iPhoneSimulator
		{693CD445-6467-47A8-8EE0-4E5D3DCA9505}.Release|Any CPU.Deploy.0 = Release|iPhoneSimulator
		{693CD445-6467-47A8-8EE0-4E5D3DCA9505}.Release|ARM.ActiveCfg = Release|iPhoneSimulator
		{693CD445-6467-47A8-8EE0-4E5D3DCA9505}.Release|ARM.Build.0 = Release|iPhoneSimulator
		{693CD445-6467-47A8-8EE0-4E5D3DCA9505}.Release|ARM.Deploy.0 = Release|iPhoneSimulator
		{693CD445-6467-47A8-8EE0-4E5D3DCA9505}.Release|iPhone.ActiveCfg = Release|iPhone
		{693CD445-6467-47A8-8EE0-4E5D3DCA9505}.Release|iPhone.Build.0 = Release|iPhone
		{693CD445-6467-47A8-8EE0-4E5D3DCA9505}.Release|iPhone.Deploy.0 = Release|iPhone
		{693CD445-6467-47A8-8EE0-4E5D3DCA9505}.Release|iPhoneSimulator.ActiveCfg = Release|iPhoneSimulator
		{693CD445-6467-47A8-8EE0-4E5D3DCA9505}.Release|iPhoneSimulator.Build.0 = Release|iPhoneSimulator
		{693CD445-6467-47A8-8EE0-4E5D3DCA9505}.Release|iPhoneSimulator.Deploy.0 = Release|iPhoneSimulator
		{693CD445-6467-47A8-8EE0-4E5D3DCA9505}.Release|x64.ActiveCfg = Release|iPhoneSimulator
		{693CD445-6467-47A8-8EE0-4E5D3DCA9505}.Release|x64.Build.0 = Release|iPhoneSimulator
		{693CD445-6467-47A8-8EE0-4E5D3DCA9505}.Release|x64.Deploy.0 = Release|iPhoneSimulator
		{693CD445-6467-47A8-8EE0-4E5D3DCA9505}.Release|x86.ActiveCfg = Release|iPhoneSimulator
		{693CD445-6467-47A8-8EE0-4E5D3DCA9505}.Release|x86.Build.0 = Release|iPhoneSimulator
		{693CD445-6467-47A8-8EE0-4E5D3DCA9505}.Release|x86.Deploy.0 = Release|iPhoneSimulator
		{9E7E684B-7CDF-4AAD-AEDC-966055E71865}.Debug|Any CPU.ActiveCfg = Debug|Any CPU
		{9E7E684B-7CDF-4AAD-AEDC-966055E71865}.Debug|Any CPU.Build.0 = Debug|Any CPU
		{9E7E684B-7CDF-4AAD-AEDC-966055E71865}.Debug|Any CPU.Deploy.0 = Debug|Any CPU
		{9E7E684B-7CDF-4AAD-AEDC-966055E71865}.Debug|ARM.ActiveCfg = Debug|Any CPU
		{9E7E684B-7CDF-4AAD-AEDC-966055E71865}.Debug|ARM.Build.0 = Debug|Any CPU
		{9E7E684B-7CDF-4AAD-AEDC-966055E71865}.Debug|ARM.Deploy.0 = Debug|Any CPU
		{9E7E684B-7CDF-4AAD-AEDC-966055E71865}.Debug|iPhone.ActiveCfg = Debug|Any CPU
		{9E7E684B-7CDF-4AAD-AEDC-966055E71865}.Debug|iPhone.Build.0 = Debug|Any CPU
		{9E7E684B-7CDF-4AAD-AEDC-966055E71865}.Debug|iPhone.Deploy.0 = Debug|Any CPU
		{9E7E684B-7CDF-4AAD-AEDC-966055E71865}.Debug|iPhoneSimulator.ActiveCfg = Debug|Any CPU
		{9E7E684B-7CDF-4AAD-AEDC-966055E71865}.Debug|iPhoneSimulator.Build.0 = Debug|Any CPU
		{9E7E684B-7CDF-4AAD-AEDC-966055E71865}.Debug|iPhoneSimulator.Deploy.0 = Debug|Any CPU
		{9E7E684B-7CDF-4AAD-AEDC-966055E71865}.Debug|x64.ActiveCfg = Debug|Any CPU
		{9E7E684B-7CDF-4AAD-AEDC-966055E71865}.Debug|x64.Build.0 = Debug|Any CPU
		{9E7E684B-7CDF-4AAD-AEDC-966055E71865}.Debug|x64.Deploy.0 = Debug|Any CPU
		{9E7E684B-7CDF-4AAD-AEDC-966055E71865}.Debug|x86.ActiveCfg = Debug|Any CPU
		{9E7E684B-7CDF-4AAD-AEDC-966055E71865}.Debug|x86.Build.0 = Debug|Any CPU
		{9E7E684B-7CDF-4AAD-AEDC-966055E71865}.Debug|x86.Deploy.0 = Debug|Any CPU
		{9E7E684B-7CDF-4AAD-AEDC-966055E71865}.Release|Any CPU.ActiveCfg = Release|Any CPU
		{9E7E684B-7CDF-4AAD-AEDC-966055E71865}.Release|Any CPU.Build.0 = Release|Any CPU
		{9E7E684B-7CDF-4AAD-AEDC-966055E71865}.Release|Any CPU.Deploy.0 = Release|Any CPU
		{9E7E684B-7CDF-4AAD-AEDC-966055E71865}.Release|ARM.ActiveCfg = Release|Any CPU
		{9E7E684B-7CDF-4AAD-AEDC-966055E71865}.Release|ARM.Build.0 = Release|Any CPU
		{9E7E684B-7CDF-4AAD-AEDC-966055E71865}.Release|ARM.Deploy.0 = Release|Any CPU
		{9E7E684B-7CDF-4AAD-AEDC-966055E71865}.Release|iPhone.ActiveCfg = Release|Any CPU
		{9E7E684B-7CDF-4AAD-AEDC-966055E71865}.Release|iPhone.Build.0 = Release|Any CPU
		{9E7E684B-7CDF-4AAD-AEDC-966055E71865}.Release|iPhone.Deploy.0 = Release|Any CPU
		{9E7E684B-7CDF-4AAD-AEDC-966055E71865}.Release|iPhoneSimulator.ActiveCfg = Release|Any CPU
		{9E7E684B-7CDF-4AAD-AEDC-966055E71865}.Release|iPhoneSimulator.Build.0 = Release|Any CPU
		{9E7E684B-7CDF-4AAD-AEDC-966055E71865}.Release|iPhoneSimulator.Deploy.0 = Release|Any CPU
		{9E7E684B-7CDF-4AAD-AEDC-966055E71865}.Release|x64.ActiveCfg = Release|Any CPU
		{9E7E684B-7CDF-4AAD-AEDC-966055E71865}.Release|x64.Build.0 = Release|Any CPU
		{9E7E684B-7CDF-4AAD-AEDC-966055E71865}.Release|x64.Deploy.0 = Release|Any CPU
		{9E7E684B-7CDF-4AAD-AEDC-966055E71865}.Release|x86.ActiveCfg = Release|Any CPU
		{9E7E684B-7CDF-4AAD-AEDC-966055E71865}.Release|x86.Build.0 = Release|Any CPU
		{9E7E684B-7CDF-4AAD-AEDC-966055E71865}.Release|x86.Deploy.0 = Release|Any CPU
	EndGlobalSection
	GlobalSection(SolutionProperties) = preSolution
		HideSolutionNode = FALSE
	EndGlobalSection
	GlobalSection(ExtensibilityGlobals) = postSolution
		SolutionGuid = {F6677810-EB48-42C3-A79B-A06821263F54}
	EndGlobalSection
EndGlobal
